
Microsoft Visual Studio Solution File, Format Version 12.00
# Visual Studio Version 16
VisualStudioVersion = 16.0.31112.23
MinimumVisualStudioVersion = 10.0.40219.1
Project("{FAE04EC0-301F-11D3-BF4B-00C04F79EFBC}") = "RoboRecords", "RoboRecords.csproj", "{39500A6F-663E-42B2-BB7C-1D81F2E5096D}"
EndProject
Project("{FAE04EC0-301F-11D3-BF4B-00C04F79EFBC}") = "UnitTests", "UnitTests\UnitTests.csproj", "{8B1C7661-7214-4B79-8F2D-DD7CA80D4626}"
EndProject
Global
	GlobalSection(SolutionConfigurationPlatforms) = preSolution
		Debug|Any CPU = Debug|Any CPU
		Release|Any CPU = Release|Any CPU
	EndGlobalSection
	GlobalSection(ProjectConfigurationPlatforms) = postSolution
		{39500A6F-663E-42B2-BB7C-1D81F2E5096D}.Debug|Any CPU.ActiveCfg = Debug|Any CPU
		{39500A6F-663E-42B2-BB7C-1D81F2E5096D}.Debug|Any CPU.Build.0 = Debug|Any CPU
		{39500A6F-663E-42B2-BB7C-1D81F2E5096D}.Release|Any CPU.ActiveCfg = Release|Any CPU
		{39500A6F-663E-42B2-BB7C-1D81F2E5096D}.Release|Any CPU.Build.0 = Release|Any CPU
		{8B1C7661-7214-4B79-8F2D-DD7CA80D4626}.Debug|Any CPU.ActiveCfg = Debug|Any CPU
		{8B1C7661-7214-4B79-8F2D-DD7CA80D4626}.Debug|Any CPU.Build.0 = Debug|Any CPU
		{8B1C7661-7214-4B79-8F2D-DD7CA80D4626}.Release|Any CPU.ActiveCfg = Release|Any CPU
		{8B1C7661-7214-4B79-8F2D-DD7CA80D4626}.Release|Any CPU.Build.0 = Release|Any CPU
	EndGlobalSection
	GlobalSection(SolutionProperties) = preSolution
		HideSolutionNode = FALSE
	EndGlobalSection
	GlobalSection(ExtensibilityGlobals) = postSolution
		SolutionGuid = {0926A6C6-878E-4A61-B577-93E0F5EC210C}
	EndGlobalSection
EndGlobal
